// !$*UTF8*$!
{
	archiveVersion = 1;
	classes = {
	};
	objectVersion = 46;
	objects = {

/* Begin PBXBuildFile section */
		D35958F91F6AED840010B824 /* AppDelegate.swift in Sources */ = {isa = PBXBuildFile; fileRef = D35958F81F6AED840010B824 /* AppDelegate.swift */; };
		D35958FB1F6AED840010B824 /* ViewController.swift in Sources */ = {isa = PBXBuildFile; fileRef = D35958FA1F6AED840010B824 /* ViewController.swift */; };
		D35959001F6AED840010B824 /* Assets.xcassets in Resources */ = {isa = PBXBuildFile; fileRef = D35958FF1F6AED840010B824 /* Assets.xcassets */; };
		D35959031F6AED840010B824 /* LaunchScreen.storyboard in Resources */ = {isa = PBXBuildFile; fileRef = D35959011F6AED840010B824 /* LaunchScreen.storyboard */; };
		D35959261F6AF0520010B824 /* Icon-App-A@1x.png in Resources */ = {isa = PBXBuildFile; fileRef = D359591D1F6AF0520010B824 /* Icon-App-A@1x.png */; };
		D35959271F6AF0520010B824 /* Icon-App-A@2x.png in Resources */ = {isa = PBXBuildFile; fileRef = D359591E1F6AF0520010B824 /* Icon-App-A@2x.png */; };
		D35959281F6AF0520010B824 /* Icon-App-A@3x.png in Resources */ = {isa = PBXBuildFile; fileRef = D359591F1F6AF0520010B824 /* Icon-App-A@3x.png */; };
		D35959291F6AF0520010B824 /* Icon-App-B@1x.png in Resources */ = {isa = PBXBuildFile; fileRef = D35959201F6AF0520010B824 /* Icon-App-B@1x.png */; };
		D359592A1F6AF0520010B824 /* Icon-App-B@2x.png in Resources */ = {isa = PBXBuildFile; fileRef = D35959211F6AF0520010B824 /* Icon-App-B@2x.png */; };
		D359592B1F6AF0520010B824 /* Icon-App-B@3x.png in Resources */ = {isa = PBXBuildFile; fileRef = D35959221F6AF0520010B824 /* Icon-App-B@3x.png */; };
		D359592C1F6AF0520010B824 /* Icon-App-C@1x.png in Resources */ = {isa = PBXBuildFile; fileRef = D35959231F6AF0520010B824 /* Icon-App-C@1x.png */; };
		D359592D1F6AF0520010B824 /* Icon-App-C@2x.png in Resources */ = {isa = PBXBuildFile; fileRef = D35959241F6AF0520010B824 /* Icon-App-C@2x.png */; };
		D359592E1F6AF0520010B824 /* Icon-App-C@3x.png in Resources */ = {isa = PBXBuildFile; fileRef = D35959251F6AF0520010B824 /* Icon-App-C@3x.png */; };
/* End PBXBuildFile section */

/* Begin PBXFileReference section */
		D35958F51F6AED840010B824 /* alternate-icon-sample.app */ = {isa = PBXFileReference; explicitFileType = wrapper.application; includeInIndex = 0; path = "alternate-icon-sample.app"; sourceTree = BUILT_PRODUCTS_DIR; };
		D35958F81F6AED840010B824 /* AppDelegate.swift */ = {isa = PBXFileReference; lastKnownFileType = sourcecode.swift; path = AppDelegate.swift; sourceTree = "<group>"; };
		D35958FA1F6AED840010B824 /* ViewController.swift */ = {isa = PBXFileReference; lastKnownFileType = sourcecode.swift; path = ViewController.swift; sourceTree = "<group>"; };
		D35958FF1F6AED840010B824 /* Assets.xcassets */ = {isa = PBXFileReference; lastKnownFileType = folder.assetcatalog; path = Assets.xcassets; sourceTree = "<group>"; };
		D35959021F6AED840010B824 /* Base */ = {isa = PBXFileReference; lastKnownFileType = file.storyboard; name = Base; path = Base.lproj/LaunchScreen.storyboard; sourceTree = "<group>"; };
		D35959041F6AED840010B824 /* Info.plist */ = {isa = PBXFileReference; lastKnownFileType = text.plist.xml; path = Info.plist; sourceTree = "<group>"; };
		D359591D1F6AF0520010B824 /* Icon-App-A@1x.png */ = {isa = PBXFileReference; lastKnownFileType = image.png; name = "Icon-App-A@1x.png"; path = "resources/Icon-App-A@1x.png"; sourceTree = "<group>"; };
		D359591E1F6AF0520010B824 /* Icon-App-A@2x.png */ = {isa = PBXFileReference; lastKnownFileType = image.png; name = "Icon-App-A@2x.png"; path = "resources/Icon-App-A@2x.png"; sourceTree = "<group>"; };
		D359591F1F6AF0520010B824 /* Icon-App-A@3x.png */ = {isa = PBXFileReference; lastKnownFileType = image.png; name = "Icon-App-A@3x.png"; path = "resources/Icon-App-A@3x.png"; sourceTree = "<group>"; };
		D35959201F6AF0520010B824 /* Icon-App-B@1x.png */ = {isa = PBXFileReference; lastKnownFileType = image.png; name = "Icon-App-B@1x.png"; path = "resources/Icon-App-B@1x.png"; sourceTree = "<group>"; };
		D35959211F6AF0520010B824 /* Icon-App-B@2x.png */ = {isa = PBXFileReference; lastKnownFileType = image.png; name = "Icon-App-B@2x.png"; path = "resources/Icon-App-B@2x.png"; sourceTree = "<group>"; };
		D35959221F6AF0520010B824 /* Icon-App-B@3x.png */ = {isa = PBXFileReference; lastKnownFileType = image.png; name = "Icon-App-B@3x.png"; path = "resources/Icon-App-B@3x.png"; sourceTree = "<group>"; };
		D35959231F6AF0520010B824 /* Icon-App-C@1x.png */ = {isa = PBXFileReference; lastKnownFileType = image.png; name = "Icon-App-C@1x.png"; path = "resources/Icon-App-C@1x.png"; sourceTree = "<group>"; };
		D35959241F6AF0520010B824 /* Icon-App-C@2x.png */ = {isa = PBXFileReference; lastKnownFileType = image.png; name = "Icon-App-C@2x.png"; path = "resources/Icon-App-C@2x.png"; sourceTree = "<group>"; };
		D35959251F6AF0520010B824 /* Icon-App-C@3x.png */ = {isa = PBXFileReference; lastKnownFileType = image.png; name = "Icon-App-C@3x.png"; path = "resources/Icon-App-C@3x.png"; sourceTree = "<group>"; };
/* End PBXFileReference section */

/* Begin PBXFrameworksBuildPhase section */
		D35958F21F6AED840010B824 /* Frameworks */ = {
			isa = PBXFrameworksBuildPhase;
			buildActionMask = 2147483647;
			files = (
			);
			runOnlyForDeploymentPostprocessing = 0;
		};
/* End PBXFrameworksBuildPhase section */

/* Begin PBXGroup section */
		D35958EC1F6AED840010B824 = {
			isa = PBXGroup;
			children = (
				D35958F71F6AED840010B824 /* alternate-icon-sample */,
				D35958F61F6AED840010B824 /* Products */,
			);
			sourceTree = "<group>";
		};
		D35958F61F6AED840010B824 /* Products */ = {
			isa = PBXGroup;
			children = (
				D35958F51F6AED840010B824 /* alternate-icon-sample.app */,
			);
			name = Products;
			sourceTree = "<group>";
		};
		D35958F71F6AED840010B824 /* alternate-icon-sample */ = {
			isa = PBXGroup;
			children = (
				D359590A1F6AF0080010B824 /* resources */,
				D35958F81F6AED840010B824 /* AppDelegate.swift */,
				D35958FA1F6AED840010B824 /* ViewController.swift */,
				D35958FF1F6AED840010B824 /* Assets.xcassets */,
				D35959011F6AED840010B824 /* LaunchScreen.storyboard */,
				D35959041F6AED840010B824 /* Info.plist */,
			);
			path = "alternate-icon-sample";
			sourceTree = "<group>";
		};
		D359590A1F6AF0080010B824 /* resources */ = {
			isa = PBXGroup;
			children = (
				D359591D1F6AF0520010B824 /* Icon-App-A@1x.png */,
				D359591E1F6AF0520010B824 /* Icon-App-A@2x.png */,
				D359591F1F6AF0520010B824 /* Icon-App-A@3x.png */,
				D35959201F6AF0520010B824 /* Icon-App-B@1x.png */,
				D35959211F6AF0520010B824 /* Icon-App-B@2x.png */,
				D35959221F6AF0520010B824 /* Icon-App-B@3x.png */,
				D35959231F6AF0520010B824 /* Icon-App-C@1x.png */,
				D35959241F6AF0520010B824 /* Icon-App-C@2x.png */,
				D35959251F6AF0520010B824 /* Icon-App-C@3x.png */,
			);
			name = resources;
			sourceTree = "<group>";
		};
/* End PBXGroup section */

/* Begin PBXNativeTarget section */
		D35958F41F6AED840010B824 /* alternate-icon-sample */ = {
			isa = PBXNativeTarget;
			buildConfigurationList = D35959071F6AED840010B824 /* Build configuration list for PBXNativeTarget "alternate-icon-sample" */;
			buildPhases = (
				D35958F11F6AED840010B824 /* Sources */,
				D35958F21F6AED840010B824 /* Frameworks */,
				D35958F31F6AED840010B824 /* Resources */,
			);
			buildRules = (
			);
			dependencies = (
			);
			name = "alternate-icon-sample";
			productName = "alternate-icon-sample";
			productReference = D35958F51F6AED840010B824 /* alternate-icon-sample.app */;
			productType = "com.apple.product-type.application";
		};
/* End PBXNativeTarget section */

/* Begin PBXProject section */
		D35958ED1F6AED840010B824 /* Project object */ = {
			isa = PBXProject;
			attributes = {
				LastSwiftUpdateCheck = 0830;
				LastUpgradeCheck = 0830;
				ORGANIZATIONNAME = kiwi26;
				TargetAttributes = {
					D35958F41F6AED840010B824 = {
						CreatedOnToolsVersion = 8.3.3;
						DevelopmentTeam = E6Z4TLT966;
						ProvisioningStyle = Automatic;
					};
				};
			};
			buildConfigurationList = D35958F01F6AED840010B824 /* Build configuration list for PBXProject "alternate-icon-sample" */;
			compatibilityVersion = "Xcode 3.2";
			developmentRegion = English;
			hasScannedForEncodings = 0;
			knownRegions = (
				en,
				Base,
			);
			mainGroup = D35958EC1F6AED840010B824;
			productRefGroup = D35958F61F6AED840010B824 /* Products */;
			projectDirPath = "";
			projectRoot = "";
			targets = (
				D35958F41F6AED840010B824 /* alternate-icon-sample */,
			);
		};
/* End PBXProject section */

/* Begin PBXResourcesBuildPhase section */
		D35958F31F6AED840010B824 /* Resources */ = {
			isa = PBXResourcesBuildPhase;
			buildActionMask = 2147483647;
			files = (
				D359592C1F6AF0520010B824 /* Icon-App-C@1x.png in Resources */,
				D359592A1F6AF0520010B824 /* Icon-App-B@2x.png in Resources */,
				D35959281F6AF0520010B824 /* Icon-App-A@3x.png in Resources */,
				D359592E1F6AF0520010B824 /* Icon-App-C@3x.png in Resources */,
				D359592D1F6AF0520010B824 /* Icon-App-C@2x.png in Resources */,
				D35959031F6AED840010B824 /* LaunchScreen.storyboard in Resources */,
				D35959001F6AED840010B824 /* Assets.xcassets in Resources */,
				D35959291F6AF0520010B824 /* Icon-App-B@1x.png in Resources */,
				D359592B1F6AF0520010B824 /* Icon-App-B@3x.png in Resources */,
				D35959261F6AF0520010B824 /* Icon-App-A@1x.png in Resources */,
				D35959271F6AF0520010B824 /* Icon-App-A@2x.png in Resources */,
			);
			runOnlyForDeploymentPostprocessing = 0;
		};
/* End PBXResourcesBuildPhase section */

/* Begin PBXSourcesBuildPhase section */
		D35958F11F6AED840010B824 /* Sources */ = {
			isa = PBXSourcesBuildPhase;
			buildActionMask = 2147483647;
			files = (
				D35958FB1F6AED840010B824 /* ViewController.swift in Sources */,
				D35958F91F6AED840010B824 /* AppDelegate.swift in Sources */,
			);
			runOnlyForDeploymentPostprocessing = 0;
		};
/* End PBXSourcesBuildPhase section */

/* Begin PBXVariantGroup section */
		D35959011F6AED840010B824 /* LaunchScreen.storyboard */ = {
			isa = PBXVariantGroup;
			children = (
				D35959021F6AED840010B824 /* Base */,
			);
			name = LaunchScreen.storyboard;
			sourceTree = "<group>";
		};
/* End PBXVariantGroup section */

/* Begin XCBuildConfiguration section */
		D35959051F6AED840010B824 /* Debug */ = {
			isa = XCBuildConfiguration;
			buildSettings = {
				ALWAYS_SEARCH_USER_PATHS = NO;
				CLANG_ANALYZER_NONNULL = YES;
				CLANG_ANALYZER_NUMBER_OBJECT_CONVERSION = YES_AGGRESSIVE;
				CLANG_CXX_LANGUAGE_STANDARD = "gnu++0x";
				CLANG_CXX_LIBRARY = "libc++";
				CLANG_ENABLE_MODULES = YES;
				CLANG_ENABLE_OBJC_ARC = YES;
				CLANG_WARN_BOOL_CONVERSION = YES;
				CLANG_WARN_CONSTANT_CONVERSION = YES;
				CLANG_WARN_DIRECT_OBJC_ISA_USAGE = YES_ERROR;
				CLANG_WARN_DOCUMENTATION_COMMENTS = YES;
				CLANG_WARN_EMPTY_BODY = YES;
				CLANG_WARN_ENUM_CONVERSION = YES;
				CLANG_WARN_INFINITE_RECURSION = YES;
				CLANG_WARN_INT_CONVERSION = YES;
				CLANG_WARN_OBJC_ROOT_CLASS = YES_ERROR;
				CLANG_WARN_SUSPICIOUS_MOVE = YES;
				CLANG_WARN_UNREACHABLE_CODE = YES;
				CLANG_WARN__DUPLICATE_METHOD_MATCH = YES;
				"CODE_SIGN_IDENTITY[sdk=iphoneos*]" = "iPhone Developer";
				COPY_PHASE_STRIP = NO;
				DEBUG_INFORMATION_FORMAT = dwarf;
				ENABLE_STRICT_OBJC_MSGSEND = YES;
				ENABLE_TESTABILITY = YES;
				GCC_C_LANGUAGE_STANDARD = gnu99;
				GCC_DYNAMIC_NO_PIC = NO;
				GCC_NO_COMMON_BLOCKS = YES;
				GCC_OPTIMIZATION_LEVEL = 0;
				GCC_PREPROCESSOR_DEFINITIONS = (
					"DEBUG=1",
					"$(inherited)",
				);
				GCC_WARN_64_TO_32_BIT_CONVERSION = YES;
				GCC_WARN_ABOUT_RETURN_TYPE = YES_ERROR;
				GCC_WARN_UNDECLARED_SELECTOR = YES;
				GCC_WARN_UNINITIALIZED_AUTOS = YES_AGGRESSIVE;
				GCC_WARN_UNUSED_FUNCTION = YES;
				GCC_WARN_UNUSED_VARIABLE = YES;
				IPHONEOS_DEPLOYMENT_TARGET = 10.3;
				MTL_ENABLE_DEBUG_INFO = YES;
				ONLY_ACTIVE_ARCH = YES;
				SDKROOT = iphoneos;
				SWIFT_ACTIVE_COMPILATION_CONDITIONS = DEBUG;
				SWIFT_OPTIMIZATION_LEVEL = "-Onone";
				TARGETED_DEVICE_FAMILY = "1,2";
			};
			name = Debug;
		};
		D35959061F6AED840010B824 /* Release */ = {
			isa = XCBuildConfiguration;
			buildSettings = {
				ALWAYS_SEARCH_USER_PATHS = NO;
				CLANG_ANALYZER_NONNULL = YES;
				CLANG_ANALYZER_NUMBER_OBJECT_CONVERSION = YES_AGGRESSIVE;
				CLANG_CXX_LANGUAGE_STANDARD = "gnu++0x";
				CLANG_CXX_LIBRARY = "libc++";
				CLANG_ENABLE_MODULES = YES;
				CLANG_ENABLE_OBJC_ARC = YES;
				CLANG_WARN_BOOL_CONVERSION = YES;
				CLANG_WARN_CONSTANT_CONVERSION = YES;
				CLANG_WARN_DIRECT_OBJC_ISA_USAGE = YES_ERROR;
				CLANG_WARN_DOCUMENTATION_COMMENTS = YES;
				CLANG_WARN_EMPTY_BODY = YES;
				CLANG_WARN_ENUM_CONVERSION = YES;
				CLANG_WARN_INFINITE_RECURSION = YES;
				CLANG_WARN_INT_CONVERSION = YES;
				CLANG_WARN_OBJC_ROOT_CLASS = YES_ERROR;
				CLANG_WARN_SUSPICIOUS_MOVE = YES;
				CLANG_WARN_UNREACHABLE_CODE = YES;
				CLANG_WARN__DUPLICATE_METHOD_MATCH = YES;
				"CODE_SIGN_IDENTITY[sdk=iphoneos*]" = "iPhone Developer";
				COPY_PHASE_STRIP = NO;
				DEBUG_INFORMATION_FORMAT = "dwarf-with-dsym";
				ENABLE_NS_ASSERTIONS = NO;
				ENABLE_STRICT_OBJC_MSGSEND = YES;
				GCC_C_LANGUAGE_STANDARD = gnu99;
				GCC_NO_COMMON_BLOCKS = YES;
				GCC_WARN_64_TO_32_BIT_CONVERSION = YES;
				GCC_WARN_ABOUT_RETURN_TYPE = YES_ERROR;
				GCC_WARN_UNDECLARED_SELECTOR = YES;
				GCC_WARN_UNINITIALIZED_AUTOS = YES_AGGRESSIVE;
				GCC_WARN_UNUSED_FUNCTION = YES;
				GCC_WARN_UNUSED_VARIABLE = YES;
				IPHONEOS_DEPLOYMENT_TARGET = 10.3;
				MTL_ENABLE_DEBUG_INFO = NO;
				SDKROOT = iphoneos;
				SWIFT_OPTIMIZATION_LEVEL = "-Owholemodule";
				TARGETED_DEVICE_FAMILY = "1,2";
				VALIDATE_PRODUCT = YES;
			};
			name = Release;
		};
		D35959081F6AED840010B824 /* Debug */ = {
			isa = XCBuildConfiguration;
			buildSettings = {
				ASSETCATALOG_COMPILER_APPICON_NAME = AppIcon;
				DEVELOPMENT_TEAM = E6Z4TLT966;
				INFOPLIST_FILE = "alternate-icon-sample/Info.plist";
				LD_RUNPATH_SEARCH_PATHS = "$(inherited) @executable_path/Frameworks";
				PRODUCT_BUNDLE_IDENTIFIER = "me.koga.alternate-icon-sample";
				PRODUCT_NAME = "$(TARGET_NAME)";
				SWIFT_VERSION = 3.0;
				TARGETED_DEVICE_FAMILY = "1,2";
			};
			name = Debug;
		};
		D35959091F6AED840010B824 /* Release */ = {
			isa = XCBuildConfiguration;
			buildSettings = {
				ASSETCATALOG_COMPILER_APPICON_NAME = AppIcon;
				DEVELOPMENT_TEAM = E6Z4TLT966;
				INFOPLIST_FILE = "alternate-icon-sample/Info.plist";
				LD_RUNPATH_SEARCH_PATHS = "$(inherited) @executable_path/Frameworks";
				PRODUCT_BUNDLE_IDENTIFIER = "me.koga.alternate-icon-sample";
				PRODUCT_NAME = "$(TARGET_NAME)";
				SWIFT_VERSION = 3.0;
				TARGETED_DEVICE_FAMILY = "1,2";
			};
			name = Release;
		};
/* End XCBuildConfiguration section */

/* Begin XCConfigurationList section */
		D35958F01F6AED840010B824 /* Build configuration list for PBXProject "alternate-icon-sample" */ = {
			isa = XCConfigurationList;
			buildConfigurations = (
				D35959051F6AED840010B824 /* Debug */,
				D35959061F6AED840010B824 /* Release */,
			);
			defaultConfigurationIsVisible = 0;
			defaultConfigurationName = Release;
		};
		D35959071F6AED840010B824 /* Build configuration list for PBXNativeTarget "alternate-icon-sample" */ = {
			isa = XCConfigurationList;
			buildConfigurations = (
				D35959081F6AED840010B824 /* Debug */,
				D35959091F6AED840010B824 /* Release */,
			);
			defaultConfigurationIsVisible = 0;
			defaultConfigurationName = Release;
		};
/* End XCConfigurationList section */
	};
	rootObject = D35958ED1F6AED840010B824 /* Project object */;
}
